
Microsoft Visual Studio Solution File, Format Version 10.00
# Visual Studio 2008
Project("{8BC9CEB8-8B4A-11D0-8D11-00A0C91BC942}") = "netlib", "netlib\netlib.vcproj", "{B2DF332F-DC5E-4525-B881-56B9899E74EF}"
EndProject
Project("{8BC9CEB8-8B4A-11D0-8D11-00A0C91BC942}") = "netemu", "netemu\netemu_sender.vcproj", "{499FDDFB-DBAD-4BD4-8AD5-23C5D91C0E95}"
	ProjectSection(ProjectDependencies) = postProject
		{B2DF332F-DC5E-4525-B881-56B9899E74EF} = {B2DF332F-DC5E-4525-B881-56B9899E74EF}
	EndProjectSection
EndProject
Project("{8BC9CEB8-8B4A-11D0-8D11-00A0C91BC942}") = "testemu", "testemu\testemu.vcproj", "{45574F3A-85E8-4787-B376-FA8F8B7FE4C3}"
	ProjectSection(ProjectDependencies) = postProject
		{B2DF332F-DC5E-4525-B881-56B9899E74EF} = {B2DF332F-DC5E-4525-B881-56B9899E74EF}
		{499FDDFB-DBAD-4BD4-8AD5-23C5D91C0E95} = {499FDDFB-DBAD-4BD4-8AD5-23C5D91C0E95}
	EndProjectSection
EndProject
Project("{8BC9CEB8-8B4A-11D0-8D11-00A0C91BC942}") = "netemu_ui", "netemu_ui\netemu_ui.vcproj", "{6BE836B5-644A-30EF-8924-9C5CC359FB50}"
	ProjectSection(ProjectDependencies) = postProject
		{B2DF332F-DC5E-4525-B881-56B9899E74EF} = {B2DF332F-DC5E-4525-B881-56B9899E74EF}
		{499FDDFB-DBAD-4BD4-8AD5-23C5D91C0E95} = {499FDDFB-DBAD-4BD4-8AD5-23C5D91C0E95}
	EndProjectSection
EndProject
Global
	GlobalSection(SolutionConfigurationPlatforms) = preSolution
		Debug|Win32 = Debug|Win32
		Release|Win32 = Release|Win32
	EndGlobalSection
	GlobalSection(ProjectConfigurationPlatforms) = postSolution
		{B2DF332F-DC5E-4525-B881-56B9899E74EF}.Debug|Win32.ActiveCfg = Debug|Win32
		{B2DF332F-DC5E-4525-B881-56B9899E74EF}.Debug|Win32.Build.0 = Debug|Win32
		{B2DF332F-DC5E-4525-B881-56B9899E74EF}.Release|Win32.ActiveCfg = Release|Win32
		{B2DF332F-DC5E-4525-B881-56B9899E74EF}.Release|Win32.Build.0 = Release|Win32
		{499FDDFB-DBAD-4BD4-8AD5-23C5D91C0E95}.Debug|Win32.ActiveCfg = Debug|Win32
		{499FDDFB-DBAD-4BD4-8AD5-23C5D91C0E95}.Debug|Win32.Build.0 = Debug|Win32
		{499FDDFB-DBAD-4BD4-8AD5-23C5D91C0E95}.Release|Win32.ActiveCfg = Release|Win32
		{499FDDFB-DBAD-4BD4-8AD5-23C5D91C0E95}.Release|Win32.Build.0 = Release|Win32
		{45574F3A-85E8-4787-B376-FA8F8B7FE4C3}.Debug|Win32.ActiveCfg = Debug|Win32
		{45574F3A-85E8-4787-B376-FA8F8B7FE4C3}.Debug|Win32.Build.0 = Debug|Win32
		{45574F3A-85E8-4787-B376-FA8F8B7FE4C3}.Release|Win32.ActiveCfg = Release|Win32
		{45574F3A-85E8-4787-B376-FA8F8B7FE4C3}.Release|Win32.Build.0 = Release|Win32
		{6BE836B5-644A-30EF-8924-9C5CC359FB50}.Debug|Win32.ActiveCfg = Debug|Win32
		{6BE836B5-644A-30EF-8924-9C5CC359FB50}.Debug|Win32.Build.0 = Debug|Win32
		{6BE836B5-644A-30EF-8924-9C5CC359FB50}.Release|Win32.ActiveCfg = Release|Win32
		{6BE836B5-644A-30EF-8924-9C5CC359FB50}.Release|Win32.Build.0 = Release|Win32
	EndGlobalSection
	GlobalSection(SolutionProperties) = preSolution
		HideSolutionNode = FALSE
	EndGlobalSection
EndGlobal
